
Microsoft Visual Studio Solution File, Format Version 12.00
# Visual Studio Version 16
VisualStudioVersion = 16.0.31702.278
MinimumVisualStudioVersion = 10.0.40219.1
Project("{2150E333-8FDC-42A3-9474-1A3956D46DE8}") = "Core", "Core", "{4D8C2F85-F159-45C1-A881-2B6B32D4CA2A}"
EndProject
Project("{2150E333-8FDC-42A3-9474-1A3956D46DE8}") = "Infrastructure", "Infrastructure", "{B9ED5CC0-5636-48CE-BAD6-9F9BCF5CFD41}"
EndProject
Project("{2150E333-8FDC-42A3-9474-1A3956D46DE8}") = "Presentation", "Presentation", "{5C59E4DA-DFCC-4C48-A597-9108BAD72D08}"
EndProject
Project("{9A19103F-16F7-4668-BE54-9A1E7A4F7556}") = "Domain", "Domain\Domain.csproj", "{82ED1D33-C097-4246-B9EB-E8BF5D099263}"
EndProject
Project("{9A19103F-16F7-4668-BE54-9A1E7A4F7556}") = "Application", "Application\Application.csproj", "{0194BDE2-977F-485C-A236-281B3D6E6720}"
EndProject
Project("{9A19103F-16F7-4668-BE54-9A1E7A4F7556}") = "Persistence", "Persistence\Persistence.csproj", "{3D745F7F-CE72-4B9C-A849-37DE9D12DB9D}"
EndProject
Project("{9A19103F-16F7-4668-BE54-9A1E7A4F7556}") = "WebApi", "WebApi\WebApi.csproj", "{5FC7938F-59CD-4DD9-92CE-7266629D19A6}"
EndProject
Global
	GlobalSection(SolutionConfigurationPlatforms) = preSolution
		Debug|Any CPU = Debug|Any CPU
		Release|Any CPU = Release|Any CPU
	EndGlobalSection
	GlobalSection(ProjectConfigurationPlatforms) = postSolution
		{82ED1D33-C097-4246-B9EB-E8BF5D099263}.Debug|Any CPU.ActiveCfg = Debug|Any CPU
		{82ED1D33-C097-4246-B9EB-E8BF5D099263}.Debug|Any CPU.Build.0 = Debug|Any CPU
		{82ED1D33-C097-4246-B9EB-E8BF5D099263}.Release|Any CPU.ActiveCfg = Release|Any CPU
		{82ED1D33-C097-4246-B9EB-E8BF5D099263}.Release|Any CPU.Build.0 = Release|Any CPU
		{0194BDE2-977F-485C-A236-281B3D6E6720}.Debug|Any CPU.ActiveCfg = Debug|Any CPU
		{0194BDE2-977F-485C-A236-281B3D6E6720}.Debug|Any CPU.Build.0 = Debug|Any CPU
		{0194BDE2-977F-485C-A236-281B3D6E6720}.Release|Any CPU.ActiveCfg = Release|Any CPU
		{0194BDE2-977F-485C-A236-281B3D6E6720}.Release|Any CPU.Build.0 = Release|Any CPU
		{3D745F7F-CE72-4B9C-A849-37DE9D12DB9D}.Debug|Any CPU.ActiveCfg = Debug|Any CPU
		{3D745F7F-CE72-4B9C-A849-37DE9D12DB9D}.Debug|Any CPU.Build.0 = Debug|Any CPU
		{3D745F7F-CE72-4B9C-A849-37DE9D12DB9D}.Release|Any CPU.ActiveCfg = Release|Any CPU
		{3D745F7F-CE72-4B9C-A849-37DE9D12DB9D}.Release|Any CPU.Build.0 = Release|Any CPU
		{5FC7938F-59CD-4DD9-92CE-7266629D19A6}.Debug|Any CPU.ActiveCfg = Debug|Any CPU
		{5FC7938F-59CD-4DD9-92CE-7266629D19A6}.Debug|Any CPU.Build.0 = Debug|Any CPU
		{5FC7938F-59CD-4DD9-92CE-7266629D19A6}.Release|Any CPU.ActiveCfg = Release|Any CPU
		{5FC7938F-59CD-4DD9-92CE-7266629D19A6}.Release|Any CPU.Build.0 = Release|Any CPU
	EndGlobalSection
	GlobalSection(SolutionProperties) = preSolution
		HideSolutionNode = FALSE
	EndGlobalSection
	GlobalSection(NestedProjects) = preSolution
		{82ED1D33-C097-4246-B9EB-E8BF5D099263} = {4D8C2F85-F159-45C1-A881-2B6B32D4CA2A}
		{0194BDE2-977F-485C-A236-281B3D6E6720} = {4D8C2F85-F159-45C1-A881-2B6B32D4CA2A}
		{3D745F7F-CE72-4B9C-A849-37DE9D12DB9D} = {B9ED5CC0-5636-48CE-BAD6-9F9BCF5CFD41}
		{5FC7938F-59CD-4DD9-92CE-7266629D19A6} = {5C59E4DA-DFCC-4C48-A597-9108BAD72D08}
	EndGlobalSection
	GlobalSection(ExtensibilityGlobals) = postSolution
		SolutionGuid = {9D080BBF-1917-4F1B-A88C-C8CD9BCA452C}
	EndGlobalSection
EndGlobal
